
Microsoft Visual Studio Solution File, Format Version 12.00
# Visual Studio Version 17
VisualStudioVersion = 17.3.32901.215
MinimumVisualStudioVersion = 10.0.40219.1
Project("{FAE04EC0-301F-11D3-BF4B-00C04F79EFBC}") = "CadastroDePessoas", "CadastroDePessoas\CadastroDePessoas.csproj", "{05EA4993-11B5-4239-BDD1-179658235AA8}"
EndProject
Global
	GlobalSection(SolutionConfigurationPlatforms) = preSolution
		Debug|Any CPU = Debug|Any CPU
		Release|Any CPU = Release|Any CPU
	EndGlobalSection
	GlobalSection(ProjectConfigurationPlatforms) = postSolution
		{05EA4993-11B5-4239-BDD1-179658235AA8}.Debug|Any CPU.ActiveCfg = Debug|Any CPU
		{05EA4993-11B5-4239-BDD1-179658235AA8}.Debug|Any CPU.Build.0 = Debug|Any CPU
		{05EA4993-11B5-4239-BDD1-179658235AA8}.Release|Any CPU.ActiveCfg = Release|Any CPU
		{05EA4993-11B5-4239-BDD1-179658235AA8}.Release|Any CPU.Build.0 = Release|Any CPU
	EndGlobalSection
	GlobalSection(SolutionProperties) = preSolution
		HideSolutionNode = FALSE
	EndGlobalSection
	GlobalSection(ExtensibilityGlobals) = postSolution
		SolutionGuid = {6CBC6C54-563F-4FCF-9AB1-7FEA49C1B192}
	EndGlobalSection
EndGlobal
